Microsoft Visual Studio Solution File, Format Version 11.00
# Visual Studio 2010
Project("{FAE04EC0-301F-11D3-BF4B-00C04F79EFBC}") = "FubuMVC.WebForms", "FubuMVC.WebForms\FubuMVC.WebForms.csproj", "{7A45A53A-10F3-47B4-BAA7-C4F325102F02}"
EndProject
Project("{FAE04EC0-301F-11D3-BF4B-00C04F79EFBC}") = "FubuMVC.WebForms.Testing", "FubuMVC.WebForms.Testing\FubuMVC.WebForms.Testing.csproj", "{B2BAE448-87B6-4C94-B3DD-81406E143B08}"
EndProject
Project("{FAE04EC0-301F-11D3-BF4B-00C04F79EFBC}") = "AspNetApplication", "AspNetApplication\AspNetApplication.csproj", "{DC1BCE7A-CA17-423C-81F2-836292C3AF2C}"
EndProject
Project("{FAE04EC0-301F-11D3-BF4B-00C04F79EFBC}") = "FubuMVC.AspNetTesting", "FubuMVC.AspNetTesting\FubuMVC.AspNetTesting.csproj", "{37231105-CDFD-4A1C-8A68-DD31E59C9AE1}"
EndProject
Project("{2150E333-8FDC-42A3-9474-1A3956D46DE8}") = "Solution Items", "Solution Items", "{E3841BDE-A6E2-4E39-BD06-2EC16B3A7B21}"
	ProjectSection(SolutionItems) = preProject
		..\rakefile.rb = ..\rakefile.rb
	EndProjectSection
EndProject
Global
	GlobalSection(SolutionConfigurationPlatforms) = preSolution
		Debug|Any CPU = Debug|Any CPU
		Release|Any CPU = Release|Any CPU
	EndGlobalSection
	GlobalSection(ProjectConfigurationPlatforms) = postSolution
		{7A45A53A-10F3-47B4-BAA7-C4F325102F02}.Debug|Any CPU.ActiveCfg = Debug|Any CPU
		{7A45A53A-10F3-47B4-BAA7-C4F325102F02}.Debug|Any CPU.Build.0 = Debug|Any CPU
		{7A45A53A-10F3-47B4-BAA7-C4F325102F02}.Release|Any CPU.ActiveCfg = Release|Any CPU
		{7A45A53A-10F3-47B4-BAA7-C4F325102F02}.Release|Any CPU.Build.0 = Release|Any CPU
		{B2BAE448-87B6-4C94-B3DD-81406E143B08}.Debug|Any CPU.ActiveCfg = Debug|Any CPU
		{B2BAE448-87B6-4C94-B3DD-81406E143B08}.Debug|Any CPU.Build.0 = Debug|Any CPU
		{B2BAE448-87B6-4C94-B3DD-81406E143B08}.Release|Any CPU.ActiveCfg = Release|Any CPU
		{B2BAE448-87B6-4C94-B3DD-81406E143B08}.Release|Any CPU.Build.0 = Release|Any CPU
		{DC1BCE7A-CA17-423C-81F2-836292C3AF2C}.Debug|Any CPU.ActiveCfg = Debug|Any CPU
		{DC1BCE7A-CA17-423C-81F2-836292C3AF2C}.Debug|Any CPU.Build.0 = Debug|Any CPU
		{DC1BCE7A-CA17-423C-81F2-836292C3AF2C}.Release|Any CPU.ActiveCfg = Release|Any CPU
		{DC1BCE7A-CA17-423C-81F2-836292C3AF2C}.Release|Any CPU.Build.0 = Release|Any CPU
		{37231105-CDFD-4A1C-8A68-DD31E59C9AE1}.Debug|Any CPU.ActiveCfg = Debug|Any CPU
		{37231105-CDFD-4A1C-8A68-DD31E59C9AE1}.Debug|Any CPU.Build.0 = Debug|Any CPU
		{37231105-CDFD-4A1C-8A68-DD31E59C9AE1}.Release|Any CPU.ActiveCfg = Release|Any CPU
		{37231105-CDFD-4A1C-8A68-DD31E59C9AE1}.Release|Any CPU.Build.0 = Release|Any CPU
	EndGlobalSection
	GlobalSection(SolutionProperties) = preSolution
		HideSolutionNode = FALSE
	EndGlobalSection
EndGlobal
